# -------------------------------------------------------------------------- #
#
# Copyright (C) 2021  Intel Corporation. All rights reserved.
# Your use of Intel Corporation's design tools, logic functions 
# and other software and tools, and any partner logic 
# functions, and any output files from any of the foregoing 
# (including device programming or simulation files), and any 
# associated documentation or information are expressly subject 
# to the terms and conditions of the Intel Program License 
# Subscription Agreement, the Intel Quartus Prime License Agreement,
# the Intel FPGA IP License Agreement, or other applicable license
# agreement, including, without limitation, that your use is for
# the sole purpose of programming logic devices manufactured by
# Intel and sold by Intel or its authorized distributors.  Please
# refer to the applicable agreement for further details, at
# https://fpgasoftware.intel.com/eula.
#
# -------------------------------------------------------------------------- #
#
# Quartus Prime
# Version 21.1.0 Build 842 10/21/2021 SJ Lite Edition
# Date created = 11:42:36  June 09, 2022
#
# -------------------------------------------------------------------------- #
#
# Notes:
#
# 1) The default values for assignments are stored in the file:
#		CPU_assignment_defaults.qdf
#    If this file doesn't exist, see file:
#		assignment_defaults.qdf
#
# 2) Intel recommends that you do not modify this file. This
#    file is updated automatically by the Quartus Prime software
#    and any changes you make may be lost or overwritten.
#
# -------------------------------------------------------------------------- #


set_global_assignment -name FAMILY "Cyclone IV E"
set_global_assignment -name DEVICE EP4CE115F29C7
set_global_assignment -name TOP_LEVEL_ENTITY doom_cpu
set_global_assignment -name ORIGINAL_QUARTUS_VERSION 21.1.0
set_global_assignment -name PROJECT_CREATION_TIME_DATE "11:42:36  JUNE 09, 2022"
set_global_assignment -name LAST_QUARTUS_VERSION "17.1.0 Lite Edition"
set_global_assignment -name PROJECT_OUTPUT_DIRECTORY output_files
set_global_assignment -name MIN_CORE_JUNCTION_TEMP 0
set_global_assignment -name MAX_CORE_JUNCTION_TEMP 85
set_global_assignment -name ERROR_CHECK_FREQUENCY_DIVISOR 1
set_global_assignment -name NOMINAL_CORE_SUPPLY_VOLTAGE 1.2V
set_global_assignment -name ENABLE_OCT_DONE OFF
set_global_assignment -name ENABLE_CONFIGURATION_PINS OFF
set_global_assignment -name ENABLE_BOOT_SEL_PIN OFF
set_global_assignment -name USE_CONFIGURATION_DEVICE OFF
set_global_assignment -name CRC_ERROR_OPEN_DRAIN OFF
set_global_assignment -name RESERVE_ALL_UNUSED_PINS_WEAK_PULLUP "AS INPUT TRI-STATED"
set_global_assignment -name OUTPUT_IO_TIMING_NEAR_END_VMEAS "HALF VCCIO" -rise
set_global_assignment -name OUTPUT_IO_TIMING_NEAR_END_VMEAS "HALF VCCIO" -fall
set_global_assignment -name OUTPUT_IO_TIMING_FAR_END_VMEAS "HALF SIGNAL SWING" -rise
set_global_assignment -name OUTPUT_IO_TIMING_FAR_END_VMEAS "HALF SIGNAL SWING" -fall
set_location_assignment PIN_Y2 -to clock
set_location_assignment PIN_Y16 -to entrada[0]
set_location_assignment PIN_AD21 -to entrada[1]
set_location_assignment PIN_AE16 -to entrada[2]
set_location_assignment PIN_AD15 -to entrada[3]
set_location_assignment PIN_AE15 -to entrada[4]
set_location_assignment PIN_AC19 -to entrada[5]
set_location_assignment PIN_AF16 -to entrada[6]
set_location_assignment PIN_AD19 -to entrada[7]
set_location_assignment PIN_AF15 -to entrada[8]
set_location_assignment PIN_AF24 -to entrada[9]
set_location_assignment PIN_AE21 -to entrada[10]
set_location_assignment PIN_AF25 -to entrada[11]
set_location_assignment PIN_AC22 -to entrada[12]
set_location_assignment PIN_AE22 -to entrada[13]
set_location_assignment PIN_AF21 -to entrada[14]
set_location_assignment PIN_AF22 -to entrada[15]
set_location_assignment PIN_AD22 -to entrada[16]
set_location_assignment PIN_AG25 -to entrada[17]
set_global_assignment -name POWER_PRESET_COOLING_SOLUTION "23 MM HEAT SINK WITH 200 LFPM AIRFLOW"
set_global_assignment -name POWER_BOARD_THERMAL_MODEL "NONE (CONSERVATIVE)"
set_global_assignment -name TIMEQUEST_MULTICORNER_ANALYSIS ON
set_global_assignment -name NUM_PARALLEL_PROCESSORS ALL
set_global_assignment -name SMART_RECOMPILE ON
set_global_assignment -name FINAL_PLACEMENT_OPTIMIZATION NEVER
set_global_assignment -name FITTER_AGGRESSIVE_ROUTABILITY_OPTIMIZATION NEVER
set_global_assignment -name FITTER_EFFORT "FAST FIT"
set_location_assignment PIN_C13 -to vsync
set_location_assignment PIN_G13 -to hsync
set_location_assignment PIN_E12 -to red[0]
set_location_assignment PIN_E11 -to red[1]
set_location_assignment PIN_D10 -to red[2]
set_location_assignment PIN_F12 -to red[3]
set_location_assignment PIN_G8 -to green[0]
set_location_assignment PIN_G11 -to green[1]
set_location_assignment PIN_F8 -to green[2]
set_location_assignment PIN_H12 -to green[3]
set_location_assignment PIN_B10 -to blue[0]
set_location_assignment PIN_A10 -to blue[1]
set_location_assignment PIN_C11 -to blue[2]
set_location_assignment PIN_B11 -to blue[3]
set_location_assignment PIN_A11 -to blue[4]
set_location_assignment PIN_C12 -to blue[5]
set_location_assignment PIN_D11 -to blue[6]
set_location_assignment PIN_D12 -to blue[7]
set_location_assignment PIN_C8 -to green[4]
set_location_assignment PIN_B8 -to green[5]
set_location_assignment PIN_F10 -to green[6]
set_location_assignment PIN_C9 -to green[7]
set_location_assignment PIN_G10 -to red[4]
set_location_assignment PIN_J12 -to red[5]
set_location_assignment PIN_H8 -to red[6]
set_location_assignment PIN_H10 -to red[7]
set_location_assignment PIN_G6 -to ps2_clk
set_location_assignment PIN_H5 -to ps2_data
set_location_assignment PIN_C10 -to vga_sync
set_location_assignment PIN_F11 -to vga_blank
set_location_assignment PIN_A12 -to vga_clock
set_location_assignment PIN_F21 -to ledr[3]
set_location_assignment PIN_E19 -to ledr[2]
set_location_assignment PIN_F19 -to ledr[1]
set_location_assignment PIN_G19 -to ledr[0]
set_location_assignment PIN_AB22 -to enter_n
set_location_assignment PIN_Y17 -to reset_n
set_global_assignment -name SYSTEMVERILOG_FILE doom_cpu.sv
set_global_assignment -name SYSTEMVERILOG_FILE game_state_renderer.sv
set_global_assignment -name SYSTEMVERILOG_FILE ps2_input.sv
set_global_assignment -name SYSTEMVERILOG_FILE vga_controller.sv
set_global_assignment -name SYSTEMVERILOG_FILE layer_draw_engine.sv
set_global_assignment -name VERILOG_FILE old/VRAM.v
set_global_assignment -name QIP_FILE old/VRAM.qip
set_global_assignment -name SYSTEMVERILOG_FILE old/vga_test.sv
set_global_assignment -name SYSTEMVERILOG_FILE old/vga_sync.sv
set_global_assignment -name VERILOG_FILE old/vga_pll.v
set_global_assignment -name QIP_FILE old/vga_pll.qip
set_global_assignment -name SYSTEMVERILOG_FILE old/ULA.sv
set_global_assignment -name SYSTEMVERILOG_FILE old/UC.sv
set_global_assignment -name SYSTEMVERILOG_FILE old/synchronizer.sv
set_global_assignment -name SYSTEMVERILOG_FILE old/saidaDados.sv
set_global_assignment -name SYSTEMVERILOG_FILE old/red_screen.sv
set_global_assignment -name SYSTEMVERILOG_FILE old/random_enemy.sv
set_global_assignment -name SYSTEMVERILOG_FILE old/ps2_receiver.sv
set_global_assignment -name SYSTEMVERILOG_FILE old/PC.sv
set_global_assignment -name SYSTEMVERILOG_FILE old/mux_Mem.sv
set_global_assignment -name SYSTEMVERILOG_FILE old/instrucoes_RAM.sv
set_global_assignment -name SYSTEMVERILOG_FILE old/game_process.sv
set_global_assignment -name VERILOG_FILE old/FrameBuffer.v
set_global_assignment -name QIP_FILE old/FrameBuffer.qip
set_global_assignment -name SYSTEMVERILOG_FILE old/extensor_Bit.sv
set_global_assignment -name SYSTEMVERILOG_FILE old/entradaDados.sv
set_global_assignment -name SYSTEMVERILOG_FILE old/display7seg.sv
set_global_assignment -name SYSTEMVERILOG_FILE old/dados_RAM.sv
set_global_assignment -name SYSTEMVERILOG_FILE old/controle_ULA.sv
set_global_assignment -name VHDL_FILE old/contato1.vhd
set_global_assignment -name SYSTEMVERILOG_FILE old/contato1.sv
set_global_assignment -name SYSTEMVERILOG_FILE old/BancoRegistradores.sv
set_global_assignment -name SYSTEMVERILOG_FILE vga_test.sv
set_global_assignment -name SYSTEMVERILOG_FILE vga_sync.sv
set_global_assignment -name SYSTEMVERILOG_FILE ula_control.sv
set_global_assignment -name SYSTEMVERILOG_FILE ula.sv
set_global_assignment -name SYSTEMVERILOG_FILE teste.sv
set_global_assignment -name SYSTEMVERILOG_FILE switch_input.sv
set_global_assignment -name SYSTEMVERILOG_FILE sign_extender.sv
set_global_assignment -name SYSTEMVERILOG_FILE rom_instructions.sv
set_global_assignment -name SYSTEMVERILOG_FILE register_file.sv
set_global_assignment -name SYSTEMVERILOG_FILE red_screen.sv
set_global_assignment -name SYSTEMVERILOG_FILE ram_data.sv
set_global_assignment -name SYSTEMVERILOG_FILE ps2_receiver.sv
set_global_assignment -name SYSTEMVERILOG_FILE program_counter.sv
set_global_assignment -name SYSTEMVERILOG_FILE mux_mem.sv
set_global_assignment -name SYSTEMVERILOG_FILE game_process.sv
set_global_assignment -name SYSTEMVERILOG_FILE display7seg.sv
set_global_assignment -name SYSTEMVERILOG_FILE data_output.sv
set_global_assignment -name SYSTEMVERILOG_FILE control_unit.sv
set_global_assignment -name SYSTEMVERILOG_FILE clock_divider.sv
set_global_assignment -name VERILOG_FILE vga_sync.v
set_global_assignment -name VERILOG_FILE vga_test.v
set_global_assignment -name VERILOG_FILE ps2_receiver.v
set_global_assignment -name QIP_FILE vga_pll.qip
set_global_assignment -name QIP_FILE framebuffer.qip
set_global_assignment -name VERILOG_FILE red_screen.v
set_global_assignment -name QIP_FILE vram.qip
set_global_assignment -name VERILOG_FILE game_process.v
set_global_assignment -name SYSTEMVERILOG_FILE random_enemy.sv
set_global_assignment -name SYSTEMVERILOG_FILE synchronizer.sv
set_global_assignment -name PARTITION_NETLIST_TYPE SOURCE -section_id Top
set_global_assignment -name PARTITION_FITTER_PRESERVATION_LEVEL PLACEMENT_AND_ROUTING -section_id Top
set_global_assignment -name PARTITION_COLOR 16764057 -section_id Top
set_instance_assignment -name IO_STANDARD "2.5 V" -to clock
set_instance_assignment -name IO_STANDARD "2.5 V" -to entrada[17]
set_instance_assignment -name IO_STANDARD "2.5 V" -to entrada[16]
set_instance_assignment -name IO_STANDARD "2.5 V" -to entrada[15]
set_instance_assignment -name IO_STANDARD "2.5 V" -to entrada[14]
set_instance_assignment -name IO_STANDARD "2.5 V" -to entrada[13]
set_instance_assignment -name IO_STANDARD "2.5 V" -to entrada[12]
set_instance_assignment -name IO_STANDARD "2.5 V" -to entrada[11]
set_instance_assignment -name IO_STANDARD "2.5 V" -to entrada[10]
set_instance_assignment -name IO_STANDARD "2.5 V" -to entrada[9]
set_instance_assignment -name IO_STANDARD "2.5 V" -to entrada[8]
set_instance_assignment -name IO_STANDARD "2.5 V" -to entrada[7]
set_instance_assignment -name IO_STANDARD "2.5 V" -to entrada[6]
set_instance_assignment -name IO_STANDARD "2.5 V" -to entrada[5]
set_instance_assignment -name IO_STANDARD "2.5 V" -to entrada[4]
set_instance_assignment -name IO_STANDARD "2.5 V" -to entrada[3]
set_instance_assignment -name IO_STANDARD "2.5 V" -to entrada[2]
set_instance_assignment -name IO_STANDARD "2.5 V" -to entrada[1]
set_instance_assignment -name IO_STANDARD "2.5 V" -to entrada[0]
set_instance_assignment -name IO_STANDARD "2.5 V" -to ledr[3]
set_instance_assignment -name IO_STANDARD "2.5 V" -to ledr[2]
set_instance_assignment -name IO_STANDARD "2.5 V" -to ledr[1]
set_instance_assignment -name IO_STANDARD "2.5 V" -to ledr[0]
set_instance_assignment -name IO_STANDARD "2.5 V" -to blue[7]
set_instance_assignment -name IO_STANDARD "2.5 V" -to blue[6]
set_instance_assignment -name IO_STANDARD "2.5 V" -to blue[5]
set_instance_assignment -name IO_STANDARD "2.5 V" -to blue[4]
set_instance_assignment -name IO_STANDARD "2.5 V" -to blue[3]
set_instance_assignment -name IO_STANDARD "2.5 V" -to blue[2]
set_instance_assignment -name IO_STANDARD "2.5 V" -to blue[1]
set_instance_assignment -name IO_STANDARD "2.5 V" -to blue[0]
set_instance_assignment -name IO_STANDARD "2.5 V" -to enter_n
set_instance_assignment -name IO_STANDARD "2.5 V" -to green[7]
set_instance_assignment -name IO_STANDARD "2.5 V" -to green[6]
set_instance_assignment -name IO_STANDARD "2.5 V" -to green[5]
set_instance_assignment -name IO_STANDARD "2.5 V" -to green[4]
set_instance_assignment -name IO_STANDARD "2.5 V" -to green[3]
set_instance_assignment -name IO_STANDARD "2.5 V" -to green[2]
set_instance_assignment -name IO_STANDARD "2.5 V" -to green[1]
set_instance_assignment -name IO_STANDARD "2.5 V" -to green[0]
set_instance_assignment -name IO_STANDARD "2.5 V" -to hsync
set_instance_assignment -name IO_STANDARD "2.5 V" -to ps2_clk
set_instance_assignment -name IO_STANDARD "2.5 V" -to ps2_data
set_instance_assignment -name IO_STANDARD "2.5 V" -to red[7]
set_instance_assignment -name IO_STANDARD "2.5 V" -to red[6]
set_instance_assignment -name IO_STANDARD "2.5 V" -to red[5]
set_instance_assignment -name IO_STANDARD "2.5 V" -to red[4]
set_instance_assignment -name IO_STANDARD "2.5 V" -to red[3]
set_instance_assignment -name IO_STANDARD "2.5 V" -to red[2]
set_instance_assignment -name IO_STANDARD "2.5 V" -to red[1]
set_instance_assignment -name IO_STANDARD "2.5 V" -to red[0]
set_instance_assignment -name IO_STANDARD "2.5 V" -to reset_n
set_location_assignment PIN_G18 -to seg[0][0]
set_instance_assignment -name IO_STANDARD "2.5 V" -to seg[0][0]
set_location_assignment PIN_F22 -to seg[0][1]
set_instance_assignment -name IO_STANDARD "2.5 V" -to seg[0][1]
set_location_assignment PIN_E17 -to seg[0][2]
set_instance_assignment -name IO_STANDARD "2.5 V" -to seg[0][2]
set_location_assignment PIN_L26 -to seg[0][3]
set_instance_assignment -name IO_STANDARD "2.5 V" -to seg[0][3]
set_location_assignment PIN_L25 -to seg[0][4]
set_instance_assignment -name IO_STANDARD "2.5 V" -to seg[0][4]
set_location_assignment PIN_J22 -to seg[0][5]
set_instance_assignment -name IO_STANDARD "2.5 V" -to seg[0][5]
set_location_assignment PIN_H22 -to seg[0][6]
set_instance_assignment -name IO_STANDARD "2.5 V" -to seg[0][6]
set_location_assignment PIN_M24 -to seg[1][0]
set_instance_assignment -name IO_STANDARD "2.5 V" -to seg[1][0]
set_location_assignment PIN_Y22 -to seg[1][1]
set_instance_assignment -name IO_STANDARD "2.5 V" -to seg[1][1]
set_location_assignment PIN_W21 -to seg[1][2]
set_instance_assignment -name IO_STANDARD "2.5 V" -to seg[1][2]
set_location_assignment PIN_W22 -to seg[1][3]
set_instance_assignment -name IO_STANDARD "2.5 V" -to seg[1][3]
set_location_assignment PIN_W25 -to seg[1][4]
set_instance_assignment -name IO_STANDARD "2.5 V" -to seg[1][4]
set_location_assignment PIN_U23 -to seg[1][5]
set_instance_assignment -name IO_STANDARD "2.5 V" -to seg[1][5]
set_location_assignment PIN_U24 -to seg[1][6]
set_instance_assignment -name IO_STANDARD "2.5 V" -to seg[1][6]
set_location_assignment PIN_AA25 -to seg[2][0]
set_instance_assignment -name IO_STANDARD "2.5 V" -to seg[2][0]
set_location_assignment PIN_AA26 -to seg[2][1]
set_instance_assignment -name IO_STANDARD "2.5 V" -to seg[2][1]
set_location_assignment PIN_Y25 -to seg[2][2]
set_instance_assignment -name IO_STANDARD "2.5 V" -to seg[2][2]
set_location_assignment PIN_W26 -to seg[2][3]
set_instance_assignment -name IO_STANDARD "2.5 V" -to seg[2][3]
set_location_assignment PIN_Y26 -to seg[2][4]
set_instance_assignment -name IO_STANDARD "2.5 V" -to seg[2][4]
set_location_assignment PIN_W27 -to seg[2][5]
set_instance_assignment -name IO_STANDARD "2.5 V" -to seg[2][5]
set_location_assignment PIN_W28 -to seg[2][6]
set_instance_assignment -name IO_STANDARD "2.5 V" -to seg[2][6]
set_location_assignment PIN_V21 -to seg[3][0]
set_instance_assignment -name IO_STANDARD "2.5 V" -to seg[3][0]
set_location_assignment PIN_U21 -to seg[3][1]
set_instance_assignment -name IO_STANDARD "2.5 V" -to seg[3][1]
set_location_assignment PIN_AB20 -to seg[3][2]
set_instance_assignment -name IO_STANDARD "2.5 V" -to seg[3][2]
set_location_assignment PIN_AA21 -to seg[3][3]
set_instance_assignment -name IO_STANDARD "2.5 V" -to seg[3][3]
set_location_assignment PIN_AD24 -to seg[3][4]
set_instance_assignment -name IO_STANDARD "2.5 V" -to seg[3][4]
set_location_assignment PIN_AF23 -to seg[3][5]
set_instance_assignment -name IO_STANDARD "2.5 V" -to seg[3][5]
set_location_assignment PIN_Y19 -to seg[3][6]
set_instance_assignment -name IO_STANDARD "2.5 V" -to seg[3][6]
set_location_assignment PIN_AB19 -to seg[4][0]
set_instance_assignment -name IO_STANDARD "2.5 V" -to seg[4][0]
set_location_assignment PIN_AA19 -to seg[4][1]
set_instance_assignment -name IO_STANDARD "2.5 V" -to seg[4][1]
set_location_assignment PIN_AG21 -to seg[4][2]
set_instance_assignment -name IO_STANDARD "2.5 V" -to seg[4][2]
set_location_assignment PIN_AH21 -to seg[4][3]
set_instance_assignment -name IO_STANDARD "2.5 V" -to seg[4][3]
set_location_assignment PIN_AE19 -to seg[4][4]
set_instance_assignment -name IO_STANDARD "2.5 V" -to seg[4][4]
set_location_assignment PIN_AF19 -to seg[4][5]
set_instance_assignment -name IO_STANDARD "2.5 V" -to seg[4][5]
set_location_assignment PIN_AE18 -to seg[4][6]
set_instance_assignment -name IO_STANDARD "2.5 V" -to seg[4][6]
set_location_assignment PIN_AD18 -to seg[5][0]
set_instance_assignment -name IO_STANDARD "2.5 V" -to seg[5][0]
set_location_assignment PIN_AC18 -to seg[5][1]
set_instance_assignment -name IO_STANDARD "2.5 V" -to seg[5][1]
set_location_assignment PIN_AB18 -to seg[5][2]
set_instance_assignment -name IO_STANDARD "2.5 V" -to seg[5][2]
set_location_assignment PIN_AH19 -to seg[5][3]
set_instance_assignment -name IO_STANDARD "2.5 V" -to seg[5][3]
set_location_assignment PIN_AG19 -to seg[5][4]
set_instance_assignment -name IO_STANDARD "2.5 V" -to seg[5][4]
set_location_assignment PIN_AF18 -to seg[5][5]
set_instance_assignment -name IO_STANDARD "2.5 V" -to seg[5][5]
set_location_assignment PIN_AH18 -to seg[5][6]
set_instance_assignment -name IO_STANDARD "2.5 V" -to seg[5][6]
set_location_assignment PIN_AA17 -to seg[6][0]
set_instance_assignment -name IO_STANDARD "2.5 V" -to seg[6][0]
set_location_assignment PIN_AB16 -to seg[6][1]
set_instance_assignment -name IO_STANDARD "2.5 V" -to seg[6][1]
set_location_assignment PIN_AA16 -to seg[6][2]
set_instance_assignment -name IO_STANDARD "2.5 V" -to seg[6][2]
set_location_assignment PIN_AB17 -to seg[6][3]
set_instance_assignment -name IO_STANDARD "2.5 V" -to seg[6][3]
set_location_assignment PIN_AB15 -to seg[6][4]
set_instance_assignment -name IO_STANDARD "2.5 V" -to seg[6][4]
set_location_assignment PIN_AA15 -to seg[6][5]
set_instance_assignment -name IO_STANDARD "2.5 V" -to seg[6][5]
set_location_assignment PIN_AC17 -to seg[6][6]
set_instance_assignment -name IO_STANDARD "2.5 V" -to seg[6][6]
set_location_assignment PIN_AD17 -to seg[7][0]
set_instance_assignment -name IO_STANDARD "2.5 V" -to seg[7][0]
set_location_assignment PIN_AE17 -to seg[7][1]
set_instance_assignment -name IO_STANDARD "2.5 V" -to seg[7][1]
set_location_assignment PIN_AG17 -to seg[7][2]
set_instance_assignment -name IO_STANDARD "2.5 V" -to seg[7][2]
set_location_assignment PIN_AH17 -to seg[7][3]
set_instance_assignment -name IO_STANDARD "2.5 V" -to seg[7][3]
set_location_assignment PIN_AF17 -to seg[7][4]
set_instance_assignment -name IO_STANDARD "2.5 V" -to seg[7][4]
set_location_assignment PIN_AG18 -to seg[7][5]
set_instance_assignment -name IO_STANDARD "2.5 V" -to seg[7][5]
set_location_assignment PIN_AA14 -to seg[7][6]
set_instance_assignment -name IO_STANDARD "2.5 V" -to seg[7][6]
set_instance_assignment -name IO_STANDARD "2.5 V" -to vga_blank
set_instance_assignment -name IO_STANDARD "2.5 V" -to vga_clock
set_instance_assignment -name IO_STANDARD "2.5 V" -to vga_sync
set_instance_assignment -name IO_STANDARD "2.5 V" -to vsync
set_instance_assignment -name PARTITION_HIERARCHY root_partition -to | -section_id Top